
Microsoft Visual Studio Solution File, Format Version 12.00
# Visual Studio Version 17
VisualStudioVersion = 17.11.35222.181
MinimumVisualStudioVersion = 10.0.40219.1
Project("{FAE04EC0-301F-11D3-BF4B-00C04F79EFBC}") = "WpfApp9", "WpfApp9.csproj", "{09A464D2-9AE0-46F2-867F-CE4AFE506D00}"
EndProject
Global
	GlobalSection(SolutionConfigurationPlatforms) = preSolution
		Debug|Any CPU = Debug|Any CPU
		Release|Any CPU = Release|Any CPU
	EndGlobalSection
	GlobalSection(ProjectConfigurationPlatforms) = postSolution
		{09A464D2-9AE0-46F2-867F-CE4AFE506D00}.Debug|Any CPU.ActiveCfg = Debug|Any CPU
		{09A464D2-9AE0-46F2-867F-CE4AFE506D00}.Debug|Any CPU.Build.0 = Debug|Any CPU
		{09A464D2-9AE0-46F2-867F-CE4AFE506D00}.Release|Any CPU.ActiveCfg = Release|Any CPU
		{09A464D2-9AE0-46F2-867F-CE4AFE506D00}.Release|Any CPU.Build.0 = Release|Any CPU
	EndGlobalSection
	GlobalSection(SolutionProperties) = preSolution
		HideSolutionNode = FALSE
	EndGlobalSection
	GlobalSection(ExtensibilityGlobals) = postSolution
		SolutionGuid = {BC255858-31D0-4B33-A53D-5D2BD8221C9E}
	EndGlobalSection
EndGlobal
