
Microsoft Visual Studio Solution File, Format Version 12.00
# Visual Studio Version 17
VisualStudioVersion = 17.11.35222.181
MinimumVisualStudioVersion = 10.0.40219.1
Project("{FAE04EC0-301F-11D3-BF4B-00C04F79EFBC}") = "WpfApp4", "WpfApp4.csproj", "{31E04FC0-13C7-4E02-9D92-01A15F62D938}"
EndProject
Global
	GlobalSection(SolutionConfigurationPlatforms) = preSolution
		Debug|Any CPU = Debug|Any CPU
		Release|Any CPU = Release|Any CPU
	EndGlobalSection
	GlobalSection(ProjectConfigurationPlatforms) = postSolution
		{31E04FC0-13C7-4E02-9D92-01A15F62D938}.Debug|Any CPU.ActiveCfg = Debug|Any CPU
		{31E04FC0-13C7-4E02-9D92-01A15F62D938}.Debug|Any CPU.Build.0 = Debug|Any CPU
		{31E04FC0-13C7-4E02-9D92-01A15F62D938}.Release|Any CPU.ActiveCfg = Release|Any CPU
		{31E04FC0-13C7-4E02-9D92-01A15F62D938}.Release|Any CPU.Build.0 = Release|Any CPU
	EndGlobalSection
	GlobalSection(SolutionProperties) = preSolution
		HideSolutionNode = FALSE
	EndGlobalSection
	GlobalSection(ExtensibilityGlobals) = postSolution
		SolutionGuid = {215EDF2B-119C-4756-9C97-205BE0E3CAF3}
	EndGlobalSection
EndGlobal
